
Microsoft Visual Studio Solution File, Format Version 12.00
# Visual Studio Version 16
VisualStudioVersion = 16.0.30406.217
MinimumVisualStudioVersion = 10.0.40219.1
Project("{FAE04EC0-301F-11D3-BF4B-00C04F79EFBC}") = "WebCrawler", "WebCrawler\WebCrawler.csproj", "{48687629-0C17-43BA-A45B-8C6122F94622}"
EndProject
Global
	GlobalSection(SolutionConfigurationPlatforms) = preSolution
		Debug|Any CPU = Debug|Any CPU
		Release|Any CPU = Release|Any CPU
	EndGlobalSection
	GlobalSection(ProjectConfigurationPlatforms) = postSolution
		{48687629-0C17-43BA-A45B-8C6122F94622}.Debug|Any CPU.ActiveCfg = Debug|Any CPU
		{48687629-0C17-43BA-A45B-8C6122F94622}.Debug|Any CPU.Build.0 = Debug|Any CPU
		{48687629-0C17-43BA-A45B-8C6122F94622}.Release|Any CPU.ActiveCfg = Release|Any CPU
		{48687629-0C17-43BA-A45B-8C6122F94622}.Release|Any CPU.Build.0 = Release|Any CPU
	EndGlobalSection
	GlobalSection(SolutionProperties) = preSolution
		HideSolutionNode = FALSE
	EndGlobalSection
	GlobalSection(ExtensibilityGlobals) = postSolution
		SolutionGuid = {523911FD-75C9-4DFC-83D9-AD69C06B4BA8}
	EndGlobalSection
EndGlobal
